
Microsoft Visual Studio Solution File, Format Version 12.00
# Visual Studio 2013
VisualStudioVersion = 12.0.31101.0
MinimumVisualStudioVersion = 10.0.40219.1
Project("{FAE04EC0-301F-11D3-BF4B-00C04F79EFBC}") = "Bazam", "Bazam\Bazam.csproj", "{A3C95BAE-380A-4738-808A-AAC780591DA0}"
EndProject
Project("{FAE04EC0-301F-11D3-BF4B-00C04F79EFBC}") = "Bazam.Tests", "Bazam.Tests\Bazam.Tests.csproj", "{CF1A3B09-2601-4A94-A781-FD80EEC34079}"
EndProject
Project("{FAE04EC0-301F-11D3-BF4B-00C04F79EFBC}") = "Bazam.WPF", "Bazam.WPF\Bazam.WPF.csproj", "{23D145E6-3EB8-4F20-813A-CEC5DB480E86}"
EndProject
Project("{FAE04EC0-301F-11D3-BF4B-00C04F79EFBC}") = "Bazam.SharpZipLibHelpers", "Bazam.SharpZipLibHelpers\Bazam.SharpZipLibHelpers.csproj", "{1D7FDDCC-296A-4A30-9D72-D958BE101993}"
EndProject
Global
	GlobalSection(SolutionConfigurationPlatforms) = preSolution
		Debug|Any CPU = Debug|Any CPU
		Release|Any CPU = Release|Any CPU
	EndGlobalSection
	GlobalSection(ProjectConfigurationPlatforms) = postSolution
		{A3C95BAE-380A-4738-808A-AAC780591DA0}.Debug|Any CPU.ActiveCfg = Debug|Any CPU
		{A3C95BAE-380A-4738-808A-AAC780591DA0}.Debug|Any CPU.Build.0 = Debug|Any CPU
		{A3C95BAE-380A-4738-808A-AAC780591DA0}.Release|Any CPU.ActiveCfg = Release|Any CPU
		{A3C95BAE-380A-4738-808A-AAC780591DA0}.Release|Any CPU.Build.0 = Release|Any CPU
		{CF1A3B09-2601-4A94-A781-FD80EEC34079}.Debug|Any CPU.ActiveCfg = Debug|Any CPU
		{CF1A3B09-2601-4A94-A781-FD80EEC34079}.Debug|Any CPU.Build.0 = Debug|Any CPU
		{CF1A3B09-2601-4A94-A781-FD80EEC34079}.Release|Any CPU.ActiveCfg = Release|Any CPU
		{CF1A3B09-2601-4A94-A781-FD80EEC34079}.Release|Any CPU.Build.0 = Release|Any CPU
		{23D145E6-3EB8-4F20-813A-CEC5DB480E86}.Debug|Any CPU.ActiveCfg = Debug|Any CPU
		{23D145E6-3EB8-4F20-813A-CEC5DB480E86}.Debug|Any CPU.Build.0 = Debug|Any CPU
		{23D145E6-3EB8-4F20-813A-CEC5DB480E86}.Release|Any CPU.ActiveCfg = Release|Any CPU
		{23D145E6-3EB8-4F20-813A-CEC5DB480E86}.Release|Any CPU.Build.0 = Release|Any CPU
		{1D7FDDCC-296A-4A30-9D72-D958BE101993}.Debug|Any CPU.ActiveCfg = Debug|Any CPU
		{1D7FDDCC-296A-4A30-9D72-D958BE101993}.Debug|Any CPU.Build.0 = Debug|Any CPU
		{1D7FDDCC-296A-4A30-9D72-D958BE101993}.Release|Any CPU.ActiveCfg = Release|Any CPU
		{1D7FDDCC-296A-4A30-9D72-D958BE101993}.Release|Any CPU.Build.0 = Release|Any CPU
	EndGlobalSection
	GlobalSection(SolutionProperties) = preSolution
		HideSolutionNode = FALSE
	EndGlobalSection
	GlobalSection(TestCaseManagementSettings) = postSolution
		CategoryFile = Bazam.vsmdi
	EndGlobalSection
EndGlobal
